
Microsoft Visual Studio Solution File, Format Version 12.00
# Visual Studio Version 17
VisualStudioVersion = 17.9.34701.34
MinimumVisualStudioVersion = 10.0.40219.1
Project("{9A19103F-16F7-4668-BE54-9A1E7A4F7556}") = "database_first", "database_first.csproj", "{59DB88DB-9760-4484-B3EB-C4BE3AB0AE94}"
EndProject
Global
	GlobalSection(SolutionConfigurationPlatforms) = preSolution
		Debug|Any CPU = Debug|Any CPU
		Release|Any CPU = Release|Any CPU
	EndGlobalSection
	GlobalSection(ProjectConfigurationPlatforms) = postSolution
		{59DB88DB-9760-4484-B3EB-C4BE3AB0AE94}.Debug|Any CPU.ActiveCfg = Debug|Any CPU
		{59DB88DB-9760-4484-B3EB-C4BE3AB0AE94}.Debug|Any CPU.Build.0 = Debug|Any CPU
		{59DB88DB-9760-4484-B3EB-C4BE3AB0AE94}.Release|Any CPU.ActiveCfg = Release|Any CPU
		{59DB88DB-9760-4484-B3EB-C4BE3AB0AE94}.Release|Any CPU.Build.0 = Release|Any CPU
	EndGlobalSection
	GlobalSection(SolutionProperties) = preSolution
		HideSolutionNode = FALSE
	EndGlobalSection
	GlobalSection(ExtensibilityGlobals) = postSolution
		SolutionGuid = {AD54CD86-07A0-4148-98A0-829DFE69CBA6}
	EndGlobalSection
EndGlobal
